
Microsoft Visual Studio Solution File, Format Version 12.00
Project("{FAE04EC0-301F-11D3-BF4B-00C04F79EFBC}") = "ConsoleMessanger", "ConsoleMessanger\ConsoleMessanger.csproj", "{7A05B0F2-6D13-4822-8C0C-B5C8118164FF}"
EndProject
Global
	GlobalSection(SolutionConfigurationPlatforms) = preSolution
		Debug|Any CPU = Debug|Any CPU
		Release|Any CPU = Release|Any CPU
	EndGlobalSection
	GlobalSection(ProjectConfigurationPlatforms) = postSolution
		{7A05B0F2-6D13-4822-8C0C-B5C8118164FF}.Debug|Any CPU.ActiveCfg = Debug|Any CPU
		{7A05B0F2-6D13-4822-8C0C-B5C8118164FF}.Debug|Any CPU.Build.0 = Debug|Any CPU
		{7A05B0F2-6D13-4822-8C0C-B5C8118164FF}.Release|Any CPU.ActiveCfg = Release|Any CPU
		{7A05B0F2-6D13-4822-8C0C-B5C8118164FF}.Release|Any CPU.Build.0 = Release|Any CPU
	EndGlobalSection
EndGlobal
